
Microsoft Visual Studio Solution File, Format Version 12.00
# Visual Studio Version 17
VisualStudioVersion = 17.14.36202.13 d17.14
MinimumVisualStudioVersion = 10.0.40219.1
Project("{FAE04EC0-301F-11D3-BF4B-00C04F79EFBC}") = "MapConfiguratorCivilization7", "MapConfiguratorCivilization7\MapConfiguratorCivilization7.csproj", "{84FE8B59-5BE4-44F3-B35E-59FFFB3D1EB3}"
EndProject
Global
	GlobalSection(SolutionConfigurationPlatforms) = preSolution
		Debug|Any CPU = Debug|Any CPU
		Release|Any CPU = Release|Any CPU
	EndGlobalSection
	GlobalSection(ProjectConfigurationPlatforms) = postSolution
		{84FE8B59-5BE4-44F3-B35E-59FFFB3D1EB3}.Debug|Any CPU.ActiveCfg = Debug|Any CPU
		{84FE8B59-5BE4-44F3-B35E-59FFFB3D1EB3}.Debug|Any CPU.Build.0 = Debug|Any CPU
		{84FE8B59-5BE4-44F3-B35E-59FFFB3D1EB3}.Release|Any CPU.ActiveCfg = Release|Any CPU
		{84FE8B59-5BE4-44F3-B35E-59FFFB3D1EB3}.Release|Any CPU.Build.0 = Release|Any CPU
	EndGlobalSection
	GlobalSection(SolutionProperties) = preSolution
		HideSolutionNode = FALSE
	EndGlobalSection
	GlobalSection(ExtensibilityGlobals) = postSolution
		SolutionGuid = {D4832F89-AD47-4275-82C4-C4832D810D93}
	EndGlobalSection
EndGlobal
